
Microsoft Visual Studio Solution File, Format Version 12.00
# Visual Studio Version 17
VisualStudioVersion = 17.5.002.0
MinimumVisualStudioVersion = 10.0.40219.1
Project("{9A19103F-16F7-4668-BE54-9A1E7A4F7556}") = "Code HomeWork", "Code HomeWork.csproj", "{65918F4B-8018-45EA-8350-A47625D1F4A8}"
EndProject
Global
	GlobalSection(SolutionConfigurationPlatforms) = preSolution
		Debug|Any CPU = Debug|Any CPU
		Release|Any CPU = Release|Any CPU
	EndGlobalSection
	GlobalSection(ProjectConfigurationPlatforms) = postSolution
		{65918F4B-8018-45EA-8350-A47625D1F4A8}.Debug|Any CPU.ActiveCfg = Debug|Any CPU
		{65918F4B-8018-45EA-8350-A47625D1F4A8}.Debug|Any CPU.Build.0 = Debug|Any CPU
		{65918F4B-8018-45EA-8350-A47625D1F4A8}.Release|Any CPU.ActiveCfg = Release|Any CPU
		{65918F4B-8018-45EA-8350-A47625D1F4A8}.Release|Any CPU.Build.0 = Release|Any CPU
	EndGlobalSection
	GlobalSection(SolutionProperties) = preSolution
		HideSolutionNode = FALSE
	EndGlobalSection
	GlobalSection(ExtensibilityGlobals) = postSolution
		SolutionGuid = {677CDB1A-4474-4826-A819-2E33776C538E}
	EndGlobalSection
EndGlobal
